
Microsoft Visual Studio Solution File, Format Version 12.00
# Visual Studio 15
VisualStudioVersion = 15.0.28307.329
MinimumVisualStudioVersion = 10.0.40219.1
Project("{FAE04EC0-301F-11D3-BF4B-00C04F79EFBC}") = "WpfApplicationTestiranje", "WpfApplicationTestiranje\WpfApplicationTestiranje.csproj", "{F6A2B2FB-1642-4BB2-A764-3B6FE049610F}"
EndProject
Project("{FAE04EC0-301F-11D3-BF4B-00C04F79EFBC}") = "WpfApplication2", "WpfApplication2\WpfApplication2.csproj", "{40F7CE10-19D0-4FD3-A713-0631D23D4481}"
EndProject
Global
	GlobalSection(SolutionConfigurationPlatforms) = preSolution
		Debug|Any CPU = Debug|Any CPU
		Debug|x64 = Debug|x64
		Release|Any CPU = Release|Any CPU
		Release|x64 = Release|x64
	EndGlobalSection
	GlobalSection(ProjectConfigurationPlatforms) = postSolution
		{F6A2B2FB-1642-4BB2-A764-3B6FE049610F}.Debug|Any CPU.ActiveCfg = Debug|x64
		{F6A2B2FB-1642-4BB2-A764-3B6FE049610F}.Debug|Any CPU.Build.0 = Debug|x64
		{F6A2B2FB-1642-4BB2-A764-3B6FE049610F}.Debug|x64.ActiveCfg = Debug|x64
		{F6A2B2FB-1642-4BB2-A764-3B6FE049610F}.Debug|x64.Build.0 = Debug|x64
		{F6A2B2FB-1642-4BB2-A764-3B6FE049610F}.Release|Any CPU.ActiveCfg = Release|Any CPU
		{F6A2B2FB-1642-4BB2-A764-3B6FE049610F}.Release|Any CPU.Build.0 = Release|Any CPU
		{F6A2B2FB-1642-4BB2-A764-3B6FE049610F}.Release|x64.ActiveCfg = Release|x64
		{F6A2B2FB-1642-4BB2-A764-3B6FE049610F}.Release|x64.Build.0 = Release|x64
		{40F7CE10-19D0-4FD3-A713-0631D23D4481}.Debug|Any CPU.ActiveCfg = Debug|x64
		{40F7CE10-19D0-4FD3-A713-0631D23D4481}.Debug|Any CPU.Build.0 = Debug|x64
		{40F7CE10-19D0-4FD3-A713-0631D23D4481}.Debug|x64.ActiveCfg = Debug|x64
		{40F7CE10-19D0-4FD3-A713-0631D23D4481}.Debug|x64.Build.0 = Debug|x64
		{40F7CE10-19D0-4FD3-A713-0631D23D4481}.Release|Any CPU.ActiveCfg = Release|Any CPU
		{40F7CE10-19D0-4FD3-A713-0631D23D4481}.Release|Any CPU.Build.0 = Release|Any CPU
		{40F7CE10-19D0-4FD3-A713-0631D23D4481}.Release|x64.ActiveCfg = Release|Any CPU
		{40F7CE10-19D0-4FD3-A713-0631D23D4481}.Release|x64.Build.0 = Release|Any CPU
	EndGlobalSection
	GlobalSection(SolutionProperties) = preSolution
		HideSolutionNode = FALSE
	EndGlobalSection
	GlobalSection(ExtensibilityGlobals) = postSolution
		SolutionGuid = {9DFE318B-89B2-4A47-865C-36ECD94B1AFE}
	EndGlobalSection
EndGlobal
